
Microsoft Visual Studio Solution File, Format Version 12.00
# Visual Studio Version 17
VisualStudioVersion = 17.13.35931.197 d17.13
MinimumVisualStudioVersion = 10.0.40219.1
Project("{FAE04EC0-301F-11D3-BF4B-00C04F79EFBC}") = "CL.WebApi", "CL.WebApi\CL.WebApi.csproj", "{9D627550-0E42-4165-AE8C-06B3A3DE5F2D}"
EndProject
Project("{2150E333-8FDC-42A3-9474-1A3956D46DE8}") = "01.CL.WebApi", "01.CL.WebApi", "{02EA681E-C7D8-13C7-8484-4AC65E1B71E8}"
EndProject
Project("{2150E333-8FDC-42A3-9474-1A3956D46DE8}") = "02.CL.Manager", "02.CL.Manager", "{63D9503A-AD43-4D4C-B23D-446ACF1960D0}"
EndProject
Project("{2150E333-8FDC-42A3-9474-1A3956D46DE8}") = "03.CL.Data", "03.CL.Data", "{F27A391A-C17E-4177-A5FD-F400BF8B01A6}"
EndProject
Project("{2150E333-8FDC-42A3-9474-1A3956D46DE8}") = "04.CL.Core", "04.CL.Core", "{FDAC9225-0313-481A-9F57-2CD574663F44}"
EndProject
Project("{2150E333-8FDC-42A3-9474-1A3956D46DE8}") = "05.CL.Tests", "05.CL.Tests", "{B9FB5475-423B-48E5-8F59-C37CD7D37869}"
EndProject
Project("{FAE04EC0-301F-11D3-BF4B-00C04F79EFBC}") = "CL.Manager", "CL.Manager\CL.Manager.csproj", "{4EF48CD8-FC53-4B6A-BA62-829A217D2705}"
EndProject
Project("{FAE04EC0-301F-11D3-BF4B-00C04F79EFBC}") = "CL.Data", "CL.Data\CL.Data.csproj", "{1B5901CB-7170-4199-BA4F-09085EE6F6E0}"
EndProject
Project("{FAE04EC0-301F-11D3-BF4B-00C04F79EFBC}") = "CL.Core", "CL.Core\CL.Core.csproj", "{36108E93-66EC-4775-A9DD-946DE3FEABE5}"
EndProject
Project("{FAE04EC0-301F-11D3-BF4B-00C04F79EFBC}") = "CL.Tests", "CL.Tests\CL.Tests.csproj", "{5EB3633E-FF98-4260-BA26-5B541D89F610}"
EndProject
Global
	GlobalSection(SolutionConfigurationPlatforms) = preSolution
		Debug|Any CPU = Debug|Any CPU
		Release|Any CPU = Release|Any CPU
	EndGlobalSection
	GlobalSection(ProjectConfigurationPlatforms) = postSolution
		{9D627550-0E42-4165-AE8C-06B3A3DE5F2D}.Debug|Any CPU.ActiveCfg = Debug|Any CPU
		{9D627550-0E42-4165-AE8C-06B3A3DE5F2D}.Debug|Any CPU.Build.0 = Debug|Any CPU
		{9D627550-0E42-4165-AE8C-06B3A3DE5F2D}.Release|Any CPU.ActiveCfg = Release|Any CPU
		{9D627550-0E42-4165-AE8C-06B3A3DE5F2D}.Release|Any CPU.Build.0 = Release|Any CPU
		{4EF48CD8-FC53-4B6A-BA62-829A217D2705}.Debug|Any CPU.ActiveCfg = Debug|Any CPU
		{4EF48CD8-FC53-4B6A-BA62-829A217D2705}.Debug|Any CPU.Build.0 = Debug|Any CPU
		{4EF48CD8-FC53-4B6A-BA62-829A217D2705}.Release|Any CPU.ActiveCfg = Release|Any CPU
		{4EF48CD8-FC53-4B6A-BA62-829A217D2705}.Release|Any CPU.Build.0 = Release|Any CPU
		{1B5901CB-7170-4199-BA4F-09085EE6F6E0}.Debug|Any CPU.ActiveCfg = Debug|Any CPU
		{1B5901CB-7170-4199-BA4F-09085EE6F6E0}.Debug|Any CPU.Build.0 = Debug|Any CPU
		{1B5901CB-7170-4199-BA4F-09085EE6F6E0}.Release|Any CPU.ActiveCfg = Release|Any CPU
		{1B5901CB-7170-4199-BA4F-09085EE6F6E0}.Release|Any CPU.Build.0 = Release|Any CPU
		{36108E93-66EC-4775-A9DD-946DE3FEABE5}.Debug|Any CPU.ActiveCfg = Debug|Any CPU
		{36108E93-66EC-4775-A9DD-946DE3FEABE5}.Debug|Any CPU.Build.0 = Debug|Any CPU
		{36108E93-66EC-4775-A9DD-946DE3FEABE5}.Release|Any CPU.ActiveCfg = Release|Any CPU
		{36108E93-66EC-4775-A9DD-946DE3FEABE5}.Release|Any CPU.Build.0 = Release|Any CPU
		{5EB3633E-FF98-4260-BA26-5B541D89F610}.Debug|Any CPU.ActiveCfg = Debug|Any CPU
		{5EB3633E-FF98-4260-BA26-5B541D89F610}.Debug|Any CPU.Build.0 = Debug|Any CPU
		{5EB3633E-FF98-4260-BA26-5B541D89F610}.Release|Any CPU.ActiveCfg = Release|Any CPU
		{5EB3633E-FF98-4260-BA26-5B541D89F610}.Release|Any CPU.Build.0 = Release|Any CPU
	EndGlobalSection
	GlobalSection(SolutionProperties) = preSolution
		HideSolutionNode = FALSE
	EndGlobalSection
	GlobalSection(NestedProjects) = preSolution
		{9D627550-0E42-4165-AE8C-06B3A3DE5F2D} = {02EA681E-C7D8-13C7-8484-4AC65E1B71E8}
		{4EF48CD8-FC53-4B6A-BA62-829A217D2705} = {63D9503A-AD43-4D4C-B23D-446ACF1960D0}
		{1B5901CB-7170-4199-BA4F-09085EE6F6E0} = {F27A391A-C17E-4177-A5FD-F400BF8B01A6}
		{36108E93-66EC-4775-A9DD-946DE3FEABE5} = {FDAC9225-0313-481A-9F57-2CD574663F44}
		{5EB3633E-FF98-4260-BA26-5B541D89F610} = {B9FB5475-423B-48E5-8F59-C37CD7D37869}
	EndGlobalSection
	GlobalSection(ExtensibilityGlobals) = postSolution
		SolutionGuid = {AA3503F9-BEEE-45EC-932D-93FBFCE6DB2E}
	EndGlobalSection
EndGlobal
